
Microsoft Visual Studio Solution File, Format Version 12.00
# Visual Studio Version 17
VisualStudioVersion = 17.12.35707.178
MinimumVisualStudioVersion = 10.0.40219.1
Project("{FAE04EC0-301F-11D3-BF4B-00C04F79EFBC}") = "ConsoleApp1", "ConsoleApp1.csproj", "{F37BD5B3-42B1-4FB3-B11B-7506C9187CBC}"
EndProject
Project("{FAE04EC0-301F-11D3-BF4B-00C04F79EFBC}") = "DataStructureTK", "..\DataStructure01\DataStructureTK.csproj", "{61D18219-6577-4619-847D-06D5087BC16C}"
EndProject
Project("{FAE04EC0-301F-11D3-BF4B-00C04F79EFBC}") = "bitCalculate", "..\bitCalculate\bitCalculate.csproj", "{992AA479-DC63-4B0B-B488-95B046C109BC}"
EndProject
Project("{FAE04EC0-301F-11D3-BF4B-00C04F79EFBC}") = "SecretMap", "..\SecretMap\SecretMap.csproj", "{5BCFDE73-8D9D-4EFC-AF08-E557CA98CA82}"
EndProject
Project("{FAE04EC0-301F-11D3-BF4B-00C04F79EFBC}") = "NPOT", "..\NPOT\NPOT.csproj", "{28900E66-07A7-44B8-900D-3FFF750B031E}"
EndProject
Project("{FAE04EC0-301F-11D3-BF4B-00C04F79EFBC}") = "TKDynamicArray", "..\TKDynamicArray\TKDynamicArray.csproj", "{B288EFC4-E305-46E3-A942-AF6AC7F4F167}"
EndProject
Project("{FAE04EC0-301F-11D3-BF4B-00C04F79EFBC}") = "TKLinkedList", "..\TKLinkedList\TKLinkedList.csproj", "{9CE968B4-39A5-498B-80D4-632291729F95}"
EndProject
Project("{FAE04EC0-301F-11D3-BF4B-00C04F79EFBC}") = "SDL_Sample", "..\SDL_Sample\SDL_Sample.csproj", "{DE0F2794-BA6E-4F54-A653-1BD4E5BFE6E5}"
EndProject
Project("{FAE04EC0-301F-11D3-BF4B-00C04F79EFBC}") = "TK_Maze", "..\TK_Maze\TK_Maze.csproj", "{DE0582C9-EAB2-40B4-85A1-2A690983266E}"
EndProject
Project("{FAE04EC0-301F-11D3-BF4B-00C04F79EFBC}") = "ReflectionEx", "..\ReflectionEx\ReflectionEx.csproj", "{FB2970D1-F238-4B52-A9CA-7DDB297661E0}"
EndProject
Global
	GlobalSection(SolutionConfigurationPlatforms) = preSolution
		Debug|Any CPU = Debug|Any CPU
		Release|Any CPU = Release|Any CPU
	EndGlobalSection
	GlobalSection(ProjectConfigurationPlatforms) = postSolution
		{F37BD5B3-42B1-4FB3-B11B-7506C9187CBC}.Debug|Any CPU.ActiveCfg = Debug|Any CPU
		{F37BD5B3-42B1-4FB3-B11B-7506C9187CBC}.Debug|Any CPU.Build.0 = Debug|Any CPU
		{F37BD5B3-42B1-4FB3-B11B-7506C9187CBC}.Release|Any CPU.ActiveCfg = Release|Any CPU
		{F37BD5B3-42B1-4FB3-B11B-7506C9187CBC}.Release|Any CPU.Build.0 = Release|Any CPU
		{61D18219-6577-4619-847D-06D5087BC16C}.Debug|Any CPU.ActiveCfg = Debug|Any CPU
		{61D18219-6577-4619-847D-06D5087BC16C}.Debug|Any CPU.Build.0 = Debug|Any CPU
		{61D18219-6577-4619-847D-06D5087BC16C}.Release|Any CPU.ActiveCfg = Release|Any CPU
		{61D18219-6577-4619-847D-06D5087BC16C}.Release|Any CPU.Build.0 = Release|Any CPU
		{992AA479-DC63-4B0B-B488-95B046C109BC}.Debug|Any CPU.ActiveCfg = Debug|Any CPU
		{992AA479-DC63-4B0B-B488-95B046C109BC}.Debug|Any CPU.Build.0 = Debug|Any CPU
		{992AA479-DC63-4B0B-B488-95B046C109BC}.Release|Any CPU.ActiveCfg = Release|Any CPU
		{992AA479-DC63-4B0B-B488-95B046C109BC}.Release|Any CPU.Build.0 = Release|Any CPU
		{5BCFDE73-8D9D-4EFC-AF08-E557CA98CA82}.Debug|Any CPU.ActiveCfg = Debug|Any CPU
		{5BCFDE73-8D9D-4EFC-AF08-E557CA98CA82}.Debug|Any CPU.Build.0 = Debug|Any CPU
		{5BCFDE73-8D9D-4EFC-AF08-E557CA98CA82}.Release|Any CPU.ActiveCfg = Release|Any CPU
		{5BCFDE73-8D9D-4EFC-AF08-E557CA98CA82}.Release|Any CPU.Build.0 = Release|Any CPU
		{28900E66-07A7-44B8-900D-3FFF750B031E}.Debug|Any CPU.ActiveCfg = Debug|Any CPU
		{28900E66-07A7-44B8-900D-3FFF750B031E}.Debug|Any CPU.Build.0 = Debug|Any CPU
		{28900E66-07A7-44B8-900D-3FFF750B031E}.Release|Any CPU.ActiveCfg = Release|Any CPU
		{28900E66-07A7-44B8-900D-3FFF750B031E}.Release|Any CPU.Build.0 = Release|Any CPU
		{B288EFC4-E305-46E3-A942-AF6AC7F4F167}.Debug|Any CPU.ActiveCfg = Debug|Any CPU
		{B288EFC4-E305-46E3-A942-AF6AC7F4F167}.Debug|Any CPU.Build.0 = Debug|Any CPU
		{B288EFC4-E305-46E3-A942-AF6AC7F4F167}.Release|Any CPU.ActiveCfg = Release|Any CPU
		{B288EFC4-E305-46E3-A942-AF6AC7F4F167}.Release|Any CPU.Build.0 = Release|Any CPU
		{9CE968B4-39A5-498B-80D4-632291729F95}.Debug|Any CPU.ActiveCfg = Debug|Any CPU
		{9CE968B4-39A5-498B-80D4-632291729F95}.Debug|Any CPU.Build.0 = Debug|Any CPU
		{9CE968B4-39A5-498B-80D4-632291729F95}.Release|Any CPU.ActiveCfg = Release|Any CPU
		{9CE968B4-39A5-498B-80D4-632291729F95}.Release|Any CPU.Build.0 = Release|Any CPU
		{DE0F2794-BA6E-4F54-A653-1BD4E5BFE6E5}.Debug|Any CPU.ActiveCfg = Debug|Any CPU
		{DE0F2794-BA6E-4F54-A653-1BD4E5BFE6E5}.Debug|Any CPU.Build.0 = Debug|Any CPU
		{DE0F2794-BA6E-4F54-A653-1BD4E5BFE6E5}.Release|Any CPU.ActiveCfg = Release|Any CPU
		{DE0F2794-BA6E-4F54-A653-1BD4E5BFE6E5}.Release|Any CPU.Build.0 = Release|Any CPU
		{DE0582C9-EAB2-40B4-85A1-2A690983266E}.Debug|Any CPU.ActiveCfg = Debug|Any CPU
		{DE0582C9-EAB2-40B4-85A1-2A690983266E}.Debug|Any CPU.Build.0 = Debug|Any CPU
		{DE0582C9-EAB2-40B4-85A1-2A690983266E}.Release|Any CPU.ActiveCfg = Release|Any CPU
		{DE0582C9-EAB2-40B4-85A1-2A690983266E}.Release|Any CPU.Build.0 = Release|Any CPU
		{FB2970D1-F238-4B52-A9CA-7DDB297661E0}.Debug|Any CPU.ActiveCfg = Debug|Any CPU
		{FB2970D1-F238-4B52-A9CA-7DDB297661E0}.Debug|Any CPU.Build.0 = Debug|Any CPU
		{FB2970D1-F238-4B52-A9CA-7DDB297661E0}.Release|Any CPU.ActiveCfg = Release|Any CPU
		{FB2970D1-F238-4B52-A9CA-7DDB297661E0}.Release|Any CPU.Build.0 = Release|Any CPU
	EndGlobalSection
	GlobalSection(SolutionProperties) = preSolution
		HideSolutionNode = FALSE
	EndGlobalSection
EndGlobal
